{
  "name": "reactjs",
  "lockfileVersion": 2,
  "requires": true,
  "packages": {
    "": {
      "dependencies": {
        "@fontsource/outfit": "^5.0.8",
        "@fontsource/roboto": "^5.0.8"
      }
    },
    "node_modules/@fontsource/outfit": {
      "version": "5.0.8",
      "resolved": "https://registry.npmjs.org/@fontsource/outfit/-/outfit-5.0.8.tgz",
      "integrity": "sha512-1VgGeHc7rdxdtr/r4t5rL8tmMKKgf2bOpucYqFuC8rjNKCAS3mlz4MzEj9rrgRAAdn5yqlKtZOTuu+5P7WQvjw=="
    },
    "node_modules/@fontsource/roboto": {
      "version": "5.0.8",
      "resolved": "https://registry.npmjs.org/@fontsource/roboto/-/roboto-5.0.8.tgz",
      "integrity": "sha512-XxPltXs5R31D6UZeLIV1td3wTXU3jzd3f2DLsXI8tytMGBkIsGcc9sIyiupRtA8y73HAhuSCeweOoBqf6DbWCA=="
    }
  },
  "dependencies": {
    "@fontsource/outfit": {
      "version": "5.0.8",
      "resolved": "https://registry.npmjs.org/@fontsource/outfit/-/outfit-5.0.8.tgz",
      "integrity": "sha512-1VgGeHc7rdxdtr/r4t5rL8tmMKKgf2bOpucYqFuC8rjNKCAS3mlz4MzEj9rrgRAAdn5yqlKtZOTuu+5P7WQvjw=="
    },
    "@fontsource/roboto": {
      "version": "5.0.8",
      "resolved": "https://registry.npmjs.org/@fontsource/roboto/-/roboto-5.0.8.tgz",
      "integrity": "sha512-XxPltXs5R31D6UZeLIV1td3wTXU3jzd3f2DLsXI8tytMGBkIsGcc9sIyiupRtA8y73HAhuSCeweOoBqf6DbWCA=="
    }
  }
}
